
Microsoft Visual Studio Solution File, Format Version 12.00
# Visual Studio Version 17
VisualStudioVersion = 17.1.32421.90
MinimumVisualStudioVersion = 10.0.40219.1
Project("{FAE04EC0-301F-11D3-BF4B-00C04F79EFBC}") = "REVISS", "REVISS\REVISS.csproj", "{CCFD9C29-0618-4A9E-92CD-619D96EFDB48}"
EndProject
Global
	GlobalSection(SolutionConfigurationPlatforms) = preSolution
		Debug|Any CPU = Debug|Any CPU
		Release|Any CPU = Release|Any CPU
	EndGlobalSection
	GlobalSection(ProjectConfigurationPlatforms) = postSolution
		{CCFD9C29-0618-4A9E-92CD-619D96EFDB48}.Debug|Any CPU.ActiveCfg = Debug|Any CPU
		{CCFD9C29-0618-4A9E-92CD-619D96EFDB48}.Debug|Any CPU.Build.0 = Debug|Any CPU
		{CCFD9C29-0618-4A9E-92CD-619D96EFDB48}.Release|Any CPU.ActiveCfg = Release|Any CPU
		{CCFD9C29-0618-4A9E-92CD-619D96EFDB48}.Release|Any CPU.Build.0 = Release|Any CPU
	EndGlobalSection
	GlobalSection(SolutionProperties) = preSolution
		HideSolutionNode = FALSE
	EndGlobalSection
	GlobalSection(ExtensibilityGlobals) = postSolution
		SolutionGuid = {31E4ABCF-383C-4E92-A7EB-D369C8B925A6}
	EndGlobalSection
EndGlobal
