
Microsoft Visual Studio Solution File, Format Version 12.00
# Visual Studio Version 17
VisualStudioVersion = 17.1.32421.90
MinimumVisualStudioVersion = 10.0.40219.1
Project("{FAE04EC0-301F-11D3-BF4B-00C04F79EFBC}") = "ThreadsTaskInterface_26_05 _22", "ThreadsTaskInterface_26_05 _22\ThreadsTaskInterface_26_05 _22.csproj", "{C261A870-7E90-4791-B0F1-88C66C89A03C}"
EndProject
Global
	GlobalSection(SolutionConfigurationPlatforms) = preSolution
		Debug|Any CPU = Debug|Any CPU
		Release|Any CPU = Release|Any CPU
	EndGlobalSection
	GlobalSection(ProjectConfigurationPlatforms) = postSolution
		{C261A870-7E90-4791-B0F1-88C66C89A03C}.Debug|Any CPU.ActiveCfg = Debug|Any CPU
		{C261A870-7E90-4791-B0F1-88C66C89A03C}.Debug|Any CPU.Build.0 = Debug|Any CPU
		{C261A870-7E90-4791-B0F1-88C66C89A03C}.Release|Any CPU.ActiveCfg = Release|Any CPU
		{C261A870-7E90-4791-B0F1-88C66C89A03C}.Release|Any CPU.Build.0 = Release|Any CPU
	EndGlobalSection
	GlobalSection(SolutionProperties) = preSolution
		HideSolutionNode = FALSE
	EndGlobalSection
	GlobalSection(ExtensibilityGlobals) = postSolution
		SolutionGuid = {E11D404A-CDDE-4723-89D8-E164B806F1B7}
	EndGlobalSection
EndGlobal
