
Microsoft Visual Studio Solution File, Format Version 12.00
# Visual Studio Version 17
VisualStudioVersion = 17.1.32421.90
MinimumVisualStudioVersion = 10.0.40219.1
Project("{FAE04EC0-301F-11D3-BF4B-00C04F79EFBC}") = "Exercícios_Pendentes", "Exercícios_Pendentes\Exercícios_Pendentes.csproj", "{056AA87E-768D-4C14-A9E9-06F26A8EF439}"
EndProject
Global
	GlobalSection(SolutionConfigurationPlatforms) = preSolution
		Debug|Any CPU = Debug|Any CPU
		Release|Any CPU = Release|Any CPU
	EndGlobalSection
	GlobalSection(ProjectConfigurationPlatforms) = postSolution
		{056AA87E-768D-4C14-A9E9-06F26A8EF439}.Debug|Any CPU.ActiveCfg = Debug|Any CPU
		{056AA87E-768D-4C14-A9E9-06F26A8EF439}.Debug|Any CPU.Build.0 = Debug|Any CPU
		{056AA87E-768D-4C14-A9E9-06F26A8EF439}.Release|Any CPU.ActiveCfg = Release|Any CPU
		{056AA87E-768D-4C14-A9E9-06F26A8EF439}.Release|Any CPU.Build.0 = Release|Any CPU
	EndGlobalSection
	GlobalSection(SolutionProperties) = preSolution
		HideSolutionNode = FALSE
	EndGlobalSection
	GlobalSection(ExtensibilityGlobals) = postSolution
		SolutionGuid = {493EA1CA-635A-4C51-9055-8EF7CF2CAC0A}
	EndGlobalSection
EndGlobal
