
Microsoft Visual Studio Solution File, Format Version 12.00
# Visual Studio Version 17
VisualStudioVersion = 17.1.32421.90
MinimumVisualStudioVersion = 10.0.40219.1
Project("{FAE04EC0-301F-11D3-BF4B-00C04F79EFBC}") = "AtividadeAulaAssincrona10_06_22", "AtividadeAulaAssincrona10_06_22\AtividadeAulaAssincrona10_06_22.csproj", "{D7558A0E-A209-4309-9E90-C892241271D0}"
EndProject
Global
	GlobalSection(SolutionConfigurationPlatforms) = preSolution
		Debug|Any CPU = Debug|Any CPU
		Release|Any CPU = Release|Any CPU
	EndGlobalSection
	GlobalSection(ProjectConfigurationPlatforms) = postSolution
		{D7558A0E-A209-4309-9E90-C892241271D0}.Debug|Any CPU.ActiveCfg = Debug|Any CPU
		{D7558A0E-A209-4309-9E90-C892241271D0}.Debug|Any CPU.Build.0 = Debug|Any CPU
		{D7558A0E-A209-4309-9E90-C892241271D0}.Release|Any CPU.ActiveCfg = Release|Any CPU
		{D7558A0E-A209-4309-9E90-C892241271D0}.Release|Any CPU.Build.0 = Release|Any CPU
	EndGlobalSection
	GlobalSection(SolutionProperties) = preSolution
		HideSolutionNode = FALSE
	EndGlobalSection
	GlobalSection(ExtensibilityGlobals) = postSolution
		SolutionGuid = {85770083-D4B0-4E7D-8D87-9F35DA065FD9}
	EndGlobalSection
EndGlobal
