
Microsoft Visual Studio Solution File, Format Version 12.00
# Visual Studio Version 17
VisualStudioVersion = 17.1.32421.90
MinimumVisualStudioVersion = 10.0.40219.1
Project("{FAE04EC0-301F-11D3-BF4B-00C04F79EFBC}") = "Exercícios pendentes", "Exercícios pendentes\Exercícios pendentes.csproj", "{CC612A1C-4304-4DE4-8971-269AE31BB859}"
EndProject
Global
	GlobalSection(SolutionConfigurationPlatforms) = preSolution
		Debug|Any CPU = Debug|Any CPU
		Release|Any CPU = Release|Any CPU
	EndGlobalSection
	GlobalSection(ProjectConfigurationPlatforms) = postSolution
		{CC612A1C-4304-4DE4-8971-269AE31BB859}.Debug|Any CPU.ActiveCfg = Debug|Any CPU
		{CC612A1C-4304-4DE4-8971-269AE31BB859}.Debug|Any CPU.Build.0 = Debug|Any CPU
		{CC612A1C-4304-4DE4-8971-269AE31BB859}.Release|Any CPU.ActiveCfg = Release|Any CPU
		{CC612A1C-4304-4DE4-8971-269AE31BB859}.Release|Any CPU.Build.0 = Release|Any CPU
	EndGlobalSection
	GlobalSection(SolutionProperties) = preSolution
		HideSolutionNode = FALSE
	EndGlobalSection
	GlobalSection(ExtensibilityGlobals) = postSolution
		SolutionGuid = {324952BC-AF69-4AFD-8FFE-2D69B05401C5}
	EndGlobalSection
EndGlobal
