
Microsoft Visual Studio Solution File, Format Version 12.00
# Visual Studio Version 17
VisualStudioVersion = 17.1.32421.90
MinimumVisualStudioVersion = 10.0.40219.1
Project("{FAE04EC0-301F-11D3-BF4B-00C04F79EFBC}") = "Atividade Construtores", "Atividade Construtores\Atividade Construtores.csproj", "{A9AF1917-829E-485F-97F4-3445192D57DA}"
EndProject
Global
	GlobalSection(SolutionConfigurationPlatforms) = preSolution
		Debug|Any CPU = Debug|Any CPU
		Release|Any CPU = Release|Any CPU
	EndGlobalSection
	GlobalSection(ProjectConfigurationPlatforms) = postSolution
		{A9AF1917-829E-485F-97F4-3445192D57DA}.Debug|Any CPU.ActiveCfg = Debug|Any CPU
		{A9AF1917-829E-485F-97F4-3445192D57DA}.Debug|Any CPU.Build.0 = Debug|Any CPU
		{A9AF1917-829E-485F-97F4-3445192D57DA}.Release|Any CPU.ActiveCfg = Release|Any CPU
		{A9AF1917-829E-485F-97F4-3445192D57DA}.Release|Any CPU.Build.0 = Release|Any CPU
	EndGlobalSection
	GlobalSection(SolutionProperties) = preSolution
		HideSolutionNode = FALSE
	EndGlobalSection
	GlobalSection(ExtensibilityGlobals) = postSolution
		SolutionGuid = {12F69EA2-1E51-48DE-B98A-EF4E1795238D}
	EndGlobalSection
EndGlobal
