
Microsoft Visual Studio Solution File, Format Version 12.00
# Visual Studio Version 17
VisualStudioVersion = 17.1.32421.90
MinimumVisualStudioVersion = 10.0.40219.1
Project("{FAE04EC0-301F-11D3-BF4B-00C04F79EFBC}") = "Aula_Enums", "Aula_Enums\Aula_Enums.csproj", "{4EB9BDC6-6D0D-4E7A-951B-8D28E3B0BBCA}"
EndProject
Global
	GlobalSection(SolutionConfigurationPlatforms) = preSolution
		Debug|Any CPU = Debug|Any CPU
		Release|Any CPU = Release|Any CPU
	EndGlobalSection
	GlobalSection(ProjectConfigurationPlatforms) = postSolution
		{4EB9BDC6-6D0D-4E7A-951B-8D28E3B0BBCA}.Debug|Any CPU.ActiveCfg = Debug|Any CPU
		{4EB9BDC6-6D0D-4E7A-951B-8D28E3B0BBCA}.Debug|Any CPU.Build.0 = Debug|Any CPU
		{4EB9BDC6-6D0D-4E7A-951B-8D28E3B0BBCA}.Release|Any CPU.ActiveCfg = Release|Any CPU
		{4EB9BDC6-6D0D-4E7A-951B-8D28E3B0BBCA}.Release|Any CPU.Build.0 = Release|Any CPU
	EndGlobalSection
	GlobalSection(SolutionProperties) = preSolution
		HideSolutionNode = FALSE
	EndGlobalSection
	GlobalSection(ExtensibilityGlobals) = postSolution
		SolutionGuid = {A0F7DEC4-4F3B-4C9D-A1A3-1C0931EE97CF}
	EndGlobalSection
EndGlobal
