
Microsoft Visual Studio Solution File, Format Version 12.00
# Visual Studio Version 16
VisualStudioVersion = 16.0.32413.511
MinimumVisualStudioVersion = 10.0.40219.1
Project("{FAE04EC0-301F-11D3-BF4B-00C04F79EFBC}") = "atividade 18-04", "atividade 18-04\atividade 18-04.csproj", "{9E115FD2-153D-45BC-8278-38E06F3DFE74}"
EndProject
Global
	GlobalSection(SolutionConfigurationPlatforms) = preSolution
		Debug|Any CPU = Debug|Any CPU
		Release|Any CPU = Release|Any CPU
	EndGlobalSection
	GlobalSection(ProjectConfigurationPlatforms) = postSolution
		{9E115FD2-153D-45BC-8278-38E06F3DFE74}.Debug|Any CPU.ActiveCfg = Debug|Any CPU
		{9E115FD2-153D-45BC-8278-38E06F3DFE74}.Debug|Any CPU.Build.0 = Debug|Any CPU
		{9E115FD2-153D-45BC-8278-38E06F3DFE74}.Release|Any CPU.ActiveCfg = Release|Any CPU
		{9E115FD2-153D-45BC-8278-38E06F3DFE74}.Release|Any CPU.Build.0 = Release|Any CPU
	EndGlobalSection
	GlobalSection(SolutionProperties) = preSolution
		HideSolutionNode = FALSE
	EndGlobalSection
	GlobalSection(ExtensibilityGlobals) = postSolution
		SolutionGuid = {9C1F319B-DBA3-4B02-992F-59DBD2B75AD7}
	EndGlobalSection
EndGlobal
