
Microsoft Visual Studio Solution File, Format Version 12.00
# Visual Studio Version 17
VisualStudioVersion = 17.1.32421.90
MinimumVisualStudioVersion = 10.0.40219.1
Project("{FAE04EC0-301F-11D3-BF4B-00C04F79EFBC}") = "Aula Exception 23-05-2022", "Aula Exception 23-05-2022\Aula Exception 23-05-2022.csproj", "{021EE328-B0E9-4718-8AD6-C3973D2F611C}"
EndProject
Global
	GlobalSection(SolutionConfigurationPlatforms) = preSolution
		Debug|Any CPU = Debug|Any CPU
		Release|Any CPU = Release|Any CPU
	EndGlobalSection
	GlobalSection(ProjectConfigurationPlatforms) = postSolution
		{021EE328-B0E9-4718-8AD6-C3973D2F611C}.Debug|Any CPU.ActiveCfg = Debug|Any CPU
		{021EE328-B0E9-4718-8AD6-C3973D2F611C}.Debug|Any CPU.Build.0 = Debug|Any CPU
		{021EE328-B0E9-4718-8AD6-C3973D2F611C}.Release|Any CPU.ActiveCfg = Release|Any CPU
		{021EE328-B0E9-4718-8AD6-C3973D2F611C}.Release|Any CPU.Build.0 = Release|Any CPU
	EndGlobalSection
	GlobalSection(SolutionProperties) = preSolution
		HideSolutionNode = FALSE
	EndGlobalSection
	GlobalSection(ExtensibilityGlobals) = postSolution
		SolutionGuid = {61001D15-A62E-449F-BBA9-A70B649C5C4F}
	EndGlobalSection
EndGlobal
