
Microsoft Visual Studio Solution File, Format Version 12.00
# Visual Studio Version 17
VisualStudioVersion = 17.1.32421.90
MinimumVisualStudioVersion = 10.0.40219.1
Project("{FAE04EC0-301F-11D3-BF4B-00C04F79EFBC}") = "Atividade Pendente", "Atividade Pendente\Atividade Pendente.csproj", "{A6DC9488-C3E6-4155-9BE5-00EE11B510EE}"
EndProject
Global
	GlobalSection(SolutionConfigurationPlatforms) = preSolution
		Debug|Any CPU = Debug|Any CPU
		Release|Any CPU = Release|Any CPU
	EndGlobalSection
	GlobalSection(ProjectConfigurationPlatforms) = postSolution
		{A6DC9488-C3E6-4155-9BE5-00EE11B510EE}.Debug|Any CPU.ActiveCfg = Debug|Any CPU
		{A6DC9488-C3E6-4155-9BE5-00EE11B510EE}.Debug|Any CPU.Build.0 = Debug|Any CPU
		{A6DC9488-C3E6-4155-9BE5-00EE11B510EE}.Release|Any CPU.ActiveCfg = Release|Any CPU
		{A6DC9488-C3E6-4155-9BE5-00EE11B510EE}.Release|Any CPU.Build.0 = Release|Any CPU
	EndGlobalSection
	GlobalSection(SolutionProperties) = preSolution
		HideSolutionNode = FALSE
	EndGlobalSection
	GlobalSection(ExtensibilityGlobals) = postSolution
		SolutionGuid = {306438AA-615C-4E0A-87B3-8B47192C501F}
	EndGlobalSection
EndGlobal
