
Microsoft Visual Studio Solution File, Format Version 12.00
# Visual Studio Version 17
VisualStudioVersion = 17.1.32421.90
MinimumVisualStudioVersion = 10.0.40219.1
Project("{FAE04EC0-301F-11D3-BF4B-00C04F79EFBC}") = "Atividade enums", "Atividade enums\Atividade enums.csproj", "{FA8A4580-EF7A-42FF-8D1D-7630E4AA81F1}"
EndProject
Global
	GlobalSection(SolutionConfigurationPlatforms) = preSolution
		Debug|Any CPU = Debug|Any CPU
		Release|Any CPU = Release|Any CPU
	EndGlobalSection
	GlobalSection(ProjectConfigurationPlatforms) = postSolution
		{FA8A4580-EF7A-42FF-8D1D-7630E4AA81F1}.Debug|Any CPU.ActiveCfg = Debug|Any CPU
		{FA8A4580-EF7A-42FF-8D1D-7630E4AA81F1}.Debug|Any CPU.Build.0 = Debug|Any CPU
		{FA8A4580-EF7A-42FF-8D1D-7630E4AA81F1}.Release|Any CPU.ActiveCfg = Release|Any CPU
		{FA8A4580-EF7A-42FF-8D1D-7630E4AA81F1}.Release|Any CPU.Build.0 = Release|Any CPU
	EndGlobalSection
	GlobalSection(SolutionProperties) = preSolution
		HideSolutionNode = FALSE
	EndGlobalSection
	GlobalSection(ExtensibilityGlobals) = postSolution
		SolutionGuid = {691246BA-DB11-448F-8E7B-471D4B98D1A8}
	EndGlobalSection
EndGlobal
