
Microsoft Visual Studio Solution File, Format Version 12.00
# Visual Studio Version 17
VisualStudioVersion = 17.1.32421.90
MinimumVisualStudioVersion = 10.0.40219.1
Project("{FAE04EC0-301F-11D3-BF4B-00C04F79EFBC}") = "Revisão_Aula_13_05_2022", "Revisão_Aula_13_05_2022\Revisão_Aula_13_05_2022.csproj", "{ABAB1E51-C611-42B1-874D-BB2CE8100FEA}"
EndProject
Global
	GlobalSection(SolutionConfigurationPlatforms) = preSolution
		Debug|Any CPU = Debug|Any CPU
		Release|Any CPU = Release|Any CPU
	EndGlobalSection
	GlobalSection(ProjectConfigurationPlatforms) = postSolution
		{ABAB1E51-C611-42B1-874D-BB2CE8100FEA}.Debug|Any CPU.ActiveCfg = Debug|Any CPU
		{ABAB1E51-C611-42B1-874D-BB2CE8100FEA}.Debug|Any CPU.Build.0 = Debug|Any CPU
		{ABAB1E51-C611-42B1-874D-BB2CE8100FEA}.Release|Any CPU.ActiveCfg = Release|Any CPU
		{ABAB1E51-C611-42B1-874D-BB2CE8100FEA}.Release|Any CPU.Build.0 = Release|Any CPU
	EndGlobalSection
	GlobalSection(SolutionProperties) = preSolution
		HideSolutionNode = FALSE
	EndGlobalSection
	GlobalSection(ExtensibilityGlobals) = postSolution
		SolutionGuid = {01FCCA5B-B4D7-4620-B322-913C2BA0656A}
	EndGlobalSection
EndGlobal
