
Microsoft Visual Studio Solution File, Format Version 12.00
# Visual Studio Version 17
VisualStudioVersion = 17.1.32421.90
MinimumVisualStudioVersion = 10.0.40219.1
Project("{FAE04EC0-301F-11D3-BF4B-00C04F79EFBC}") = "atv28-04P1", "atv28-04P1\atv28-04P1.csproj", "{087343D7-388F-4BEC-9ED2-EFD2D81F1291}"
EndProject
Global
	GlobalSection(SolutionConfigurationPlatforms) = preSolution
		Debug|Any CPU = Debug|Any CPU
		Release|Any CPU = Release|Any CPU
	EndGlobalSection
	GlobalSection(ProjectConfigurationPlatforms) = postSolution
		{087343D7-388F-4BEC-9ED2-EFD2D81F1291}.Debug|Any CPU.ActiveCfg = Debug|Any CPU
		{087343D7-388F-4BEC-9ED2-EFD2D81F1291}.Debug|Any CPU.Build.0 = Debug|Any CPU
		{087343D7-388F-4BEC-9ED2-EFD2D81F1291}.Release|Any CPU.ActiveCfg = Release|Any CPU
		{087343D7-388F-4BEC-9ED2-EFD2D81F1291}.Release|Any CPU.Build.0 = Release|Any CPU
	EndGlobalSection
	GlobalSection(SolutionProperties) = preSolution
		HideSolutionNode = FALSE
	EndGlobalSection
	GlobalSection(ExtensibilityGlobals) = postSolution
		SolutionGuid = {38E23A32-7194-4946-8AC2-D426E7722D54}
	EndGlobalSection
EndGlobal
