
Microsoft Visual Studio Solution File, Format Version 12.00
# Visual Studio Version 17
VisualStudioVersion = 17.1.32421.90
MinimumVisualStudioVersion = 10.0.40219.1
Project("{FAE04EC0-301F-11D3-BF4B-00C04F79EFBC}") = "Aula_Teoria_03-05-2022", "Aula_Teoria_03-05-2022\Aula_Teoria_03-05-2022.csproj", "{5A50E65F-3E03-4B54-A3D1-00361322FDE3}"
EndProject
Global
	GlobalSection(SolutionConfigurationPlatforms) = preSolution
		Debug|Any CPU = Debug|Any CPU
		Release|Any CPU = Release|Any CPU
	EndGlobalSection
	GlobalSection(ProjectConfigurationPlatforms) = postSolution
		{5A50E65F-3E03-4B54-A3D1-00361322FDE3}.Debug|Any CPU.ActiveCfg = Debug|Any CPU
		{5A50E65F-3E03-4B54-A3D1-00361322FDE3}.Debug|Any CPU.Build.0 = Debug|Any CPU
		{5A50E65F-3E03-4B54-A3D1-00361322FDE3}.Release|Any CPU.ActiveCfg = Release|Any CPU
		{5A50E65F-3E03-4B54-A3D1-00361322FDE3}.Release|Any CPU.Build.0 = Release|Any CPU
	EndGlobalSection
	GlobalSection(SolutionProperties) = preSolution
		HideSolutionNode = FALSE
	EndGlobalSection
	GlobalSection(ExtensibilityGlobals) = postSolution
		SolutionGuid = {9A71B549-3D91-438F-834B-B6454BC7700E}
	EndGlobalSection
EndGlobal
