
Microsoft Visual Studio Solution File, Format Version 12.00
# Visual Studio Version 17
VisualStudioVersion = 17.1.32421.90
MinimumVisualStudioVersion = 10.0.40219.1
Project("{FAE04EC0-301F-11D3-BF4B-00C04F79EFBC}") = "Aula_27_05_2022_Polimorfismo", "Aula_27_05_2022_Polimorfismo\Aula_27_05_2022_Polimorfismo.csproj", "{041F0267-E969-47F9-90E7-BB70771EB83D}"
EndProject
Global
	GlobalSection(SolutionConfigurationPlatforms) = preSolution
		Debug|Any CPU = Debug|Any CPU
		Release|Any CPU = Release|Any CPU
	EndGlobalSection
	GlobalSection(ProjectConfigurationPlatforms) = postSolution
		{041F0267-E969-47F9-90E7-BB70771EB83D}.Debug|Any CPU.ActiveCfg = Debug|Any CPU
		{041F0267-E969-47F9-90E7-BB70771EB83D}.Debug|Any CPU.Build.0 = Debug|Any CPU
		{041F0267-E969-47F9-90E7-BB70771EB83D}.Release|Any CPU.ActiveCfg = Release|Any CPU
		{041F0267-E969-47F9-90E7-BB70771EB83D}.Release|Any CPU.Build.0 = Release|Any CPU
	EndGlobalSection
	GlobalSection(SolutionProperties) = preSolution
		HideSolutionNode = FALSE
	EndGlobalSection
	GlobalSection(ExtensibilityGlobals) = postSolution
		SolutionGuid = {739BD342-EDC9-44E8-BA88-50AF0A2BEF38}
	EndGlobalSection
EndGlobal
