
Microsoft Visual Studio Solution File, Format Version 12.00
# Visual Studio Version 17
VisualStudioVersion = 17.1.32421.90
MinimumVisualStudioVersion = 10.0.40219.1
Project("{FAE04EC0-301F-11D3-BF4B-00C04F79EFBC}") = "Exercício array-vetores", "Exercício array-vetores\Exercício array-vetores.csproj", "{396A2E8F-E4FC-4E62-924F-3C2D5C18A679}"
EndProject
Global
	GlobalSection(SolutionConfigurationPlatforms) = preSolution
		Debug|Any CPU = Debug|Any CPU
		Release|Any CPU = Release|Any CPU
	EndGlobalSection
	GlobalSection(ProjectConfigurationPlatforms) = postSolution
		{396A2E8F-E4FC-4E62-924F-3C2D5C18A679}.Debug|Any CPU.ActiveCfg = Debug|Any CPU
		{396A2E8F-E4FC-4E62-924F-3C2D5C18A679}.Debug|Any CPU.Build.0 = Debug|Any CPU
		{396A2E8F-E4FC-4E62-924F-3C2D5C18A679}.Release|Any CPU.ActiveCfg = Release|Any CPU
		{396A2E8F-E4FC-4E62-924F-3C2D5C18A679}.Release|Any CPU.Build.0 = Release|Any CPU
	EndGlobalSection
	GlobalSection(SolutionProperties) = preSolution
		HideSolutionNode = FALSE
	EndGlobalSection
	GlobalSection(ExtensibilityGlobals) = postSolution
		SolutionGuid = {134C0EEA-F96A-493B-BD1D-BB917BD74D58}
	EndGlobalSection
EndGlobal
