
Microsoft Visual Studio Solution File, Format Version 12.00
# Visual Studio Version 17
VisualStudioVersion = 17.1.32421.90
MinimumVisualStudioVersion = 10.0.40219.1
Project("{FAE04EC0-301F-11D3-BF4B-00C04F79EFBC}") = "Atividade 18-05-2022", "Atividade 18-05-2022\Atividade 18-05-2022.csproj", "{70D1EA66-02C9-48A9-AA7F-2D04F754FC27}"
EndProject
Global
	GlobalSection(SolutionConfigurationPlatforms) = preSolution
		Debug|Any CPU = Debug|Any CPU
		Release|Any CPU = Release|Any CPU
	EndGlobalSection
	GlobalSection(ProjectConfigurationPlatforms) = postSolution
		{70D1EA66-02C9-48A9-AA7F-2D04F754FC27}.Debug|Any CPU.ActiveCfg = Debug|Any CPU
		{70D1EA66-02C9-48A9-AA7F-2D04F754FC27}.Debug|Any CPU.Build.0 = Debug|Any CPU
		{70D1EA66-02C9-48A9-AA7F-2D04F754FC27}.Release|Any CPU.ActiveCfg = Release|Any CPU
		{70D1EA66-02C9-48A9-AA7F-2D04F754FC27}.Release|Any CPU.Build.0 = Release|Any CPU
	EndGlobalSection
	GlobalSection(SolutionProperties) = preSolution
		HideSolutionNode = FALSE
	EndGlobalSection
	GlobalSection(ExtensibilityGlobals) = postSolution
		SolutionGuid = {B1B83F1B-2B32-43F2-A4A5-1B77A3F62034}
	EndGlobalSection
EndGlobal
